// !$*UTF8*$!
{
	archiveVersion = 1;
	classes = {
	};
	objectVersion = 56;
	objects = {

/* Begin PBXBuildFile section */
		A9F327602A80DFDD0075CD7F /* ScreenTime_BarebonesApp.swift in Sources */ = {isa = PBXBuildFile; fileRef = A9F3275F2A80DFDD0075CD7F /* ScreenTime_BarebonesApp.swift */; };
		A9F327622A80DFDD0075CD7F /* ContentView.swift in Sources */ = {isa = PBXBuildFile; fileRef = A9F327612A80DFDD0075CD7F /* ContentView.swift */; };
		A9F327642A80DFDF0075CD7F /* Assets.xcassets in Resources */ = {isa = PBXBuildFile; fileRef = A9F327632A80DFDF0075CD7F /* Assets.xcassets */; };
		A9F327672A80DFDF0075CD7F /* Preview Assets.xcassets in Resources */ = {isa = PBXBuildFile; fileRef = A9F327662A80DFDF0075CD7F /* Preview Assets.xcassets */; };
		A9F327712A81CDEB0075CD7F /* PermissionView.swift in Sources */ = {isa = PBXBuildFile; fileRef = A9F327702A81CDEB0075CD7F /* PermissionView.swift */; };
		A9F327762A81CE7D0075CD7F /* ScheduleView.swift in Sources */ = {isa = PBXBuildFile; fileRef = A9F327752A81CE7D0075CD7F /* ScheduleView.swift */; };
		A9F327782A81CE8C0075CD7F /* MonitoringView.swift in Sources */ = {isa = PBXBuildFile; fileRef = A9F327772A81CE8C0075CD7F /* MonitoringView.swift */; };
		A9F3277B2A81D1410075CD7F /* .swiftlint.yml in Resources */ = {isa = PBXBuildFile; fileRef = A9F3277A2A81D1410075CD7F /* .swiftlint.yml */; };
/* End PBXBuildFile section */

/* Begin PBXFileReference section */
		A9F3275C2A80DFDD0075CD7F /* ScreenTime_Barebones.app */ = {isa = PBXFileReference; explicitFileType = wrapper.application; includeInIndex = 0; path = ScreenTime_Barebones.app; sourceTree = BUILT_PRODUCTS_DIR; };
		A9F3275F2A80DFDD0075CD7F /* ScreenTime_BarebonesApp.swift */ = {isa = PBXFileReference; lastKnownFileType = sourcecode.swift; path = ScreenTime_BarebonesApp.swift; sourceTree = "<group>"; };
		A9F327612A80DFDD0075CD7F /* ContentView.swift */ = {isa = PBXFileReference; lastKnownFileType = sourcecode.swift; path = ContentView.swift; sourceTree = "<group>"; };
		A9F327632A80DFDF0075CD7F /* Assets.xcassets */ = {isa = PBXFileReference; lastKnownFileType = folder.assetcatalog; path = Assets.xcassets; sourceTree = "<group>"; };
		A9F327662A80DFDF0075CD7F /* Preview Assets.xcassets */ = {isa = PBXFileReference; lastKnownFileType = folder.assetcatalog; path = "Preview Assets.xcassets"; sourceTree = "<group>"; };
		A9F327702A81CDEB0075CD7F /* PermissionView.swift */ = {isa = PBXFileReference; lastKnownFileType = sourcecode.swift; path = PermissionView.swift; sourceTree = "<group>"; };
		A9F327752A81CE7D0075CD7F /* ScheduleView.swift */ = {isa = PBXFileReference; lastKnownFileType = sourcecode.swift; path = ScheduleView.swift; sourceTree = "<group>"; };
		A9F327772A81CE8C0075CD7F /* MonitoringView.swift */ = {isa = PBXFileReference; lastKnownFileType = sourcecode.swift; path = MonitoringView.swift; sourceTree = "<group>"; };
		A9F3277A2A81D1410075CD7F /* .swiftlint.yml */ = {isa = PBXFileReference; lastKnownFileType = text.yaml; path = .swiftlint.yml; sourceTree = "<group>"; };
/* End PBXFileReference section */

/* Begin PBXFrameworksBuildPhase section */
		A9F327592A80DFDD0075CD7F /* Frameworks */ = {
			isa = PBXFrameworksBuildPhase;
			buildActionMask = 2147483647;
			files = (
			);
			runOnlyForDeploymentPostprocessing = 0;
		};
/* End PBXFrameworksBuildPhase section */

/* Begin PBXGroup section */
		A9F327532A80DFDD0075CD7F = {
			isa = PBXGroup;
			children = (
				A9F3277A2A81D1410075CD7F /* .swiftlint.yml */,
				A9F3275E2A80DFDD0075CD7F /* ScreenTime_Barebones */,
				A9F3275D2A80DFDD0075CD7F /* Products */,
			);
			sourceTree = "<group>";
		};
		A9F3275D2A80DFDD0075CD7F /* Products */ = {
			isa = PBXGroup;
			children = (
				A9F3275C2A80DFDD0075CD7F /* ScreenTime_Barebones.app */,
			);
			name = Products;
			sourceTree = "<group>";
		};
		A9F3275E2A80DFDD0075CD7F /* ScreenTime_Barebones */ = {
			isa = PBXGroup;
			children = (
				A9F3276D2A81CD1D0075CD7F /* App */,
				A9F3276E2A81CD250075CD7F /* Presentation */,
				A9F327632A80DFDF0075CD7F /* Assets.xcassets */,
				A9F327652A80DFDF0075CD7F /* Preview Content */,
			);
			path = ScreenTime_Barebones;
			sourceTree = "<group>";
		};
		A9F327652A80DFDF0075CD7F /* Preview Content */ = {
			isa = PBXGroup;
			children = (
				A9F327662A80DFDF0075CD7F /* Preview Assets.xcassets */,
			);
			path = "Preview Content";
			sourceTree = "<group>";
		};
		A9F3276D2A81CD1D0075CD7F /* App */ = {
			isa = PBXGroup;
			children = (
				A9F3275F2A80DFDD0075CD7F /* ScreenTime_BarebonesApp.swift */,
			);
			path = App;
			sourceTree = "<group>";
		};
		A9F3276E2A81CD250075CD7F /* Presentation */ = {
			isa = PBXGroup;
			children = (
				A9F327612A80DFDD0075CD7F /* ContentView.swift */,
				A9F3276F2A81CDB20075CD7F /* Views */,
			);
			path = Presentation;
			sourceTree = "<group>";
		};
		A9F3276F2A81CDB20075CD7F /* Views */ = {
			isa = PBXGroup;
			children = (
				A9F327742A81CE6F0075CD7F /* ScheduleView */,
				A9F327732A81CE2A0075CD7F /* MonitoringView */,
				A9F327722A81CE1E0075CD7F /* PermissionView */,
			);
			path = Views;
			sourceTree = "<group>";
		};
		A9F327722A81CE1E0075CD7F /* PermissionView */ = {
			isa = PBXGroup;
			children = (
				A9F327702A81CDEB0075CD7F /* PermissionView.swift */,
			);
			path = PermissionView;
			sourceTree = "<group>";
		};
		A9F327732A81CE2A0075CD7F /* MonitoringView */ = {
			isa = PBXGroup;
			children = (
				A9F327772A81CE8C0075CD7F /* MonitoringView.swift */,
			);
			path = MonitoringView;
			sourceTree = "<group>";
		};
		A9F327742A81CE6F0075CD7F /* ScheduleView */ = {
			isa = PBXGroup;
			children = (
				A9F327752A81CE7D0075CD7F /* ScheduleView.swift */,
			);
			path = ScheduleView;
			sourceTree = "<group>";
		};
/* End PBXGroup section */

/* Begin PBXNativeTarget section */
		A9F3275B2A80DFDD0075CD7F /* ScreenTime_Barebones */ = {
			isa = PBXNativeTarget;
			buildConfigurationList = A9F3276A2A80DFDF0075CD7F /* Build configuration list for PBXNativeTarget "ScreenTime_Barebones" */;
			buildPhases = (
				A9F327792A81D0E80075CD7F /* Swift Lint */,
				A9F327582A80DFDD0075CD7F /* Sources */,
				A9F327592A80DFDD0075CD7F /* Frameworks */,
				A9F3275A2A80DFDD0075CD7F /* Resources */,
			);
			buildRules = (
			);
			dependencies = (
			);
			name = ScreenTime_Barebones;
			productName = ScreenTime_Barebones;
			productReference = A9F3275C2A80DFDD0075CD7F /* ScreenTime_Barebones.app */;
			productType = "com.apple.product-type.application";
		};
/* End PBXNativeTarget section */

/* Begin PBXProject section */
		A9F327542A80DFDD0075CD7F /* Project object */ = {
			isa = PBXProject;
			attributes = {
				BuildIndependentTargetsInParallel = 1;
				LastSwiftUpdateCheck = 1430;
				LastUpgradeCheck = 1430;
				TargetAttributes = {
					A9F3275B2A80DFDD0075CD7F = {
						CreatedOnToolsVersion = 14.3;
					};
				};
			};
			buildConfigurationList = A9F327572A80DFDD0075CD7F /* Build configuration list for PBXProject "ScreenTime_Barebones" */;
			compatibilityVersion = "Xcode 14.0";
			developmentRegion = en;
			hasScannedForEncodings = 0;
			knownRegions = (
				en,
				Base,
			);
			mainGroup = A9F327532A80DFDD0075CD7F;
			productRefGroup = A9F3275D2A80DFDD0075CD7F /* Products */;
			projectDirPath = "";
			projectRoot = "";
			targets = (
				A9F3275B2A80DFDD0075CD7F /* ScreenTime_Barebones */,
			);
		};
/* End PBXProject section */

/* Begin PBXResourcesBuildPhase section */
		A9F3275A2A80DFDD0075CD7F /* Resources */ = {
			isa = PBXResourcesBuildPhase;
			buildActionMask = 2147483647;
			files = (
				A9F3277B2A81D1410075CD7F /* .swiftlint.yml in Resources */,
				A9F327672A80DFDF0075CD7F /* Preview Assets.xcassets in Resources */,
				A9F327642A80DFDF0075CD7F /* Assets.xcassets in Resources */,
			);
			runOnlyForDeploymentPostprocessing = 0;
		};
/* End PBXResourcesBuildPhase section */

/* Begin PBXShellScriptBuildPhase section */
		A9F327792A81D0E80075CD7F /* Swift Lint */ = {
			isa = PBXShellScriptBuildPhase;
			alwaysOutOfDate = 1;
			buildActionMask = 2147483647;
			files = (
			);
			inputFileListPaths = (
			);
			inputPaths = (
			);
			name = "Swift Lint";
			outputFileListPaths = (
			);
			outputPaths = (
			);
			runOnlyForDeploymentPostprocessing = 0;
			shellPath = /bin/sh;
			shellScript = "if [[ \"$(uname -m)\" == arm64 ]]; then\n    export PATH=\"/opt/homebrew/bin:$PATH\"\nfi\n\nif which swiftlint > /dev/null; then\n  swiftlint\nelse\n  echo \"warning: SwiftLint not installed, download from https://github.com/realm/SwiftLint\"\nfi\n";
		};
/* End PBXShellScriptBuildPhase section */

/* Begin PBXSourcesBuildPhase section */
		A9F327582A80DFDD0075CD7F /* Sources */ = {
			isa = PBXSourcesBuildPhase;
			buildActionMask = 2147483647;
			files = (
				A9F327712A81CDEB0075CD7F /* PermissionView.swift in Sources */,
				A9F327762A81CE7D0075CD7F /* ScheduleView.swift in Sources */,
				A9F327622A80DFDD0075CD7F /* ContentView.swift in Sources */,
				A9F327602A80DFDD0075CD7F /* ScreenTime_BarebonesApp.swift in Sources */,
				A9F327782A81CE8C0075CD7F /* MonitoringView.swift in Sources */,
			);
			runOnlyForDeploymentPostprocessing = 0;
		};
/* End PBXSourcesBuildPhase section */

/* Begin XCBuildConfiguration section */
		A9F327682A80DFDF0075CD7F /* Debug */ = {
			isa = XCBuildConfiguration;
			buildSettings = {
				ALWAYS_SEARCH_USER_PATHS = NO;
				CLANG_ANALYZER_NONNULL = YES;
				CLANG_ANALYZER_NUMBER_OBJECT_CONVERSION = YES_AGGRESSIVE;
				CLANG_CXX_LANGUAGE_STANDARD = "gnu++20";
				CLANG_ENABLE_MODULES = YES;
				CLANG_ENABLE_OBJC_ARC = YES;
				CLANG_ENABLE_OBJC_WEAK = YES;
				CLANG_WARN_BLOCK_CAPTURE_AUTORELEASING = YES;
				CLANG_WARN_BOOL_CONVERSION = YES;
				CLANG_WARN_COMMA = YES;
				CLANG_WARN_CONSTANT_CONVERSION = YES;
				CLANG_WARN_DEPRECATED_OBJC_IMPLEMENTATIONS = YES;
				CLANG_WARN_DIRECT_OBJC_ISA_USAGE = YES_ERROR;
				CLANG_WARN_DOCUMENTATION_COMMENTS = YES;
				CLANG_WARN_EMPTY_BODY = YES;
				CLANG_WARN_ENUM_CONVERSION = YES;
				CLANG_WARN_INFINITE_RECURSION = YES;
				CLANG_WARN_INT_CONVERSION = YES;
				CLANG_WARN_NON_LITERAL_NULL_CONVERSION = YES;
				CLANG_WARN_OBJC_IMPLICIT_RETAIN_SELF = YES;
				CLANG_WARN_OBJC_LITERAL_CONVERSION = YES;
				CLANG_WARN_OBJC_ROOT_CLASS = YES_ERROR;
				CLANG_WARN_QUOTED_INCLUDE_IN_FRAMEWORK_HEADER = YES;
				CLANG_WARN_RANGE_LOOP_ANALYSIS = YES;
				CLANG_WARN_STRICT_PROTOTYPES = YES;
				CLANG_WARN_SUSPICIOUS_MOVE = YES;
				CLANG_WARN_UNGUARDED_AVAILABILITY = YES_AGGRESSIVE;
				CLANG_WARN_UNREACHABLE_CODE = YES;
				CLANG_WARN__DUPLICATE_METHOD_MATCH = YES;
				COPY_PHASE_STRIP = NO;
				DEBUG_INFORMATION_FORMAT = dwarf;
				ENABLE_STRICT_OBJC_MSGSEND = YES;
				ENABLE_TESTABILITY = YES;
				GCC_C_LANGUAGE_STANDARD = gnu11;
				GCC_DYNAMIC_NO_PIC = NO;
				GCC_NO_COMMON_BLOCKS = YES;
				GCC_OPTIMIZATION_LEVEL = 0;
				GCC_PREPROCESSOR_DEFINITIONS = (
					"DEBUG=1",
					"$(inherited)",
				);
				GCC_WARN_64_TO_32_BIT_CONVERSION = YES;
				GCC_WARN_ABOUT_RETURN_TYPE = YES_ERROR;
				GCC_WARN_UNDECLARED_SELECTOR = YES;
				GCC_WARN_UNINITIALIZED_AUTOS = YES_AGGRESSIVE;
				GCC_WARN_UNUSED_FUNCTION = YES;
				GCC_WARN_UNUSED_VARIABLE = YES;
				IPHONEOS_DEPLOYMENT_TARGET = 16.4;
				MTL_ENABLE_DEBUG_INFO = INCLUDE_SOURCE;
				MTL_FAST_MATH = YES;
				ONLY_ACTIVE_ARCH = YES;
				SDKROOT = iphoneos;
				SWIFT_ACTIVE_COMPILATION_CONDITIONS = DEBUG;
				SWIFT_OPTIMIZATION_LEVEL = "-Onone";
			};
			name = Debug;
		};
		A9F327692A80DFDF0075CD7F /* Release */ = {
			isa = XCBuildConfiguration;
			buildSettings = {
				ALWAYS_SEARCH_USER_PATHS = NO;
				CLANG_ANALYZER_NONNULL = YES;
				CLANG_ANALYZER_NUMBER_OBJECT_CONVERSION = YES_AGGRESSIVE;
				CLANG_CXX_LANGUAGE_STANDARD = "gnu++20";
				CLANG_ENABLE_MODULES = YES;
				CLANG_ENABLE_OBJC_ARC = YES;
				CLANG_ENABLE_OBJC_WEAK = YES;
				CLANG_WARN_BLOCK_CAPTURE_AUTORELEASING = YES;
				CLANG_WARN_BOOL_CONVERSION = YES;
				CLANG_WARN_COMMA = YES;
				CLANG_WARN_CONSTANT_CONVERSION = YES;
				CLANG_WARN_DEPRECATED_OBJC_IMPLEMENTATIONS = YES;
				CLANG_WARN_DIRECT_OBJC_ISA_USAGE = YES_ERROR;
				CLANG_WARN_DOCUMENTATION_COMMENTS = YES;
				CLANG_WARN_EMPTY_BODY = YES;
				CLANG_WARN_ENUM_CONVERSION = YES;
				CLANG_WARN_INFINITE_RECURSION = YES;
				CLANG_WARN_INT_CONVERSION = YES;
				CLANG_WARN_NON_LITERAL_NULL_CONVERSION = YES;
				CLANG_WARN_OBJC_IMPLICIT_RETAIN_SELF = YES;
				CLANG_WARN_OBJC_LITERAL_CONVERSION = YES;
				CLANG_WARN_OBJC_ROOT_CLASS = YES_ERROR;
				CLANG_WARN_QUOTED_INCLUDE_IN_FRAMEWORK_HEADER = YES;
				CLANG_WARN_RANGE_LOOP_ANALYSIS = YES;
				CLANG_WARN_STRICT_PROTOTYPES = YES;
				CLANG_WARN_SUSPICIOUS_MOVE = YES;
				CLANG_WARN_UNGUARDED_AVAILABILITY = YES_AGGRESSIVE;
				CLANG_WARN_UNREACHABLE_CODE = YES;
				CLANG_WARN__DUPLICATE_METHOD_MATCH = YES;
				COPY_PHASE_STRIP = NO;
				DEBUG_INFORMATION_FORMAT = "dwarf-with-dsym";
				ENABLE_NS_ASSERTIONS = NO;
				ENABLE_STRICT_OBJC_MSGSEND = YES;
				GCC_C_LANGUAGE_STANDARD = gnu11;
				GCC_NO_COMMON_BLOCKS = YES;
				GCC_WARN_64_TO_32_BIT_CONVERSION = YES;
				GCC_WARN_ABOUT_RETURN_TYPE = YES_ERROR;
				GCC_WARN_UNDECLARED_SELECTOR = YES;
				GCC_WARN_UNINITIALIZED_AUTOS = YES_AGGRESSIVE;
				GCC_WARN_UNUSED_FUNCTION = YES;
				GCC_WARN_UNUSED_VARIABLE = YES;
				IPHONEOS_DEPLOYMENT_TARGET = 16.4;
				MTL_ENABLE_DEBUG_INFO = NO;
				MTL_FAST_MATH = YES;
				SDKROOT = iphoneos;
				SWIFT_COMPILATION_MODE = wholemodule;
				SWIFT_OPTIMIZATION_LEVEL = "-O";
				VALIDATE_PRODUCT = YES;
			};
			name = Release;
		};
		A9F3276B2A80DFDF0075CD7F /* Debug */ = {
			isa = XCBuildConfiguration;
			buildSettings = {
				ASSETCATALOG_COMPILER_APPICON_NAME = AppIcon;
				ASSETCATALOG_COMPILER_GLOBAL_ACCENT_COLOR_NAME = AccentColor;
				CODE_SIGN_STYLE = Automatic;
				CURRENT_PROJECT_VERSION = 1;
				DEVELOPMENT_ASSET_PATHS = "\"ScreenTime_Barebones/Preview Content\"";
				ENABLE_PREVIEWS = YES;
				GENERATE_INFOPLIST_FILE = YES;
				INFOPLIST_KEY_UIApplicationSceneManifest_Generation = YES;
				INFOPLIST_KEY_UIApplicationSupportsIndirectInputEvents = YES;
				INFOPLIST_KEY_UILaunchScreen_Generation = YES;
				INFOPLIST_KEY_UISupportedInterfaceOrientations_iPad = "UIInterfaceOrientationPortrait UIInterfaceOrientationPortraitUpsideDown UIInterfaceOrientationLandscapeLeft UIInterfaceOrientationLandscapeRight";
				INFOPLIST_KEY_UISupportedInterfaceOrientations_iPhone = "UIInterfaceOrientationPortrait UIInterfaceOrientationLandscapeLeft UIInterfaceOrientationLandscapeRight";
				LD_RUNPATH_SEARCH_PATHS = (
					"$(inherited)",
					"@executable_path/Frameworks",
				);
				MARKETING_VERSION = 1.0;
				PRODUCT_BUNDLE_IDENTIFIER = "CoffeeNaeriRei.ScreenTime-Barebones";
				PRODUCT_NAME = "$(TARGET_NAME)";
				SWIFT_EMIT_LOC_STRINGS = YES;
				SWIFT_VERSION = 5.0;
				TARGETED_DEVICE_FAMILY = "1,2";
			};
			name = Debug;
		};
		A9F3276C2A80DFDF0075CD7F /* Release */ = {
			isa = XCBuildConfiguration;
			buildSettings = {
				ASSETCATALOG_COMPILER_APPICON_NAME = AppIcon;
				ASSETCATALOG_COMPILER_GLOBAL_ACCENT_COLOR_NAME = AccentColor;
				CODE_SIGN_STYLE = Automatic;
				CURRENT_PROJECT_VERSION = 1;
				DEVELOPMENT_ASSET_PATHS = "\"ScreenTime_Barebones/Preview Content\"";
				ENABLE_PREVIEWS = YES;
				GENERATE_INFOPLIST_FILE = YES;
				INFOPLIST_KEY_UIApplicationSceneManifest_Generation = YES;
				INFOPLIST_KEY_UIApplicationSupportsIndirectInputEvents = YES;
				INFOPLIST_KEY_UILaunchScreen_Generation = YES;
				INFOPLIST_KEY_UISupportedInterfaceOrientations_iPad = "UIInterfaceOrientationPortrait UIInterfaceOrientationPortraitUpsideDown UIInterfaceOrientationLandscapeLeft UIInterfaceOrientationLandscapeRight";
				INFOPLIST_KEY_UISupportedInterfaceOrientations_iPhone = "UIInterfaceOrientationPortrait UIInterfaceOrientationLandscapeLeft UIInterfaceOrientationLandscapeRight";
				LD_RUNPATH_SEARCH_PATHS = (
					"$(inherited)",
					"@executable_path/Frameworks",
				);
				MARKETING_VERSION = 1.0;
				PRODUCT_BUNDLE_IDENTIFIER = "CoffeeNaeriRei.ScreenTime-Barebones";
				PRODUCT_NAME = "$(TARGET_NAME)";
				SWIFT_EMIT_LOC_STRINGS = YES;
				SWIFT_VERSION = 5.0;
				TARGETED_DEVICE_FAMILY = "1,2";
			};
			name = Release;
		};
/* End XCBuildConfiguration section */

/* Begin XCConfigurationList section */
		A9F327572A80DFDD0075CD7F /* Build configuration list for PBXProject "ScreenTime_Barebones" */ = {
			isa = XCConfigurationList;
			buildConfigurations = (
				A9F327682A80DFDF0075CD7F /* Debug */,
				A9F327692A80DFDF0075CD7F /* Release */,
			);
			defaultConfigurationIsVisible = 0;
			defaultConfigurationName = Release;
		};
		A9F3276A2A80DFDF0075CD7F /* Build configuration list for PBXNativeTarget "ScreenTime_Barebones" */ = {
			isa = XCConfigurationList;
			buildConfigurations = (
				A9F3276B2A80DFDF0075CD7F /* Debug */,
				A9F3276C2A80DFDF0075CD7F /* Release */,
			);
			defaultConfigurationIsVisible = 0;
			defaultConfigurationName = Release;
		};
/* End XCConfigurationList section */
	};
	rootObject = A9F327542A80DFDD0075CD7F /* Project object */;
}
